
Microsoft Visual Studio Solution File, Format Version 12.00
# Visual Studio Version 17
VisualStudioVersion = 17.9.34728.123
MinimumVisualStudioVersion = 10.0.40219.1
Project("{FAE04EC0-301F-11D3-BF4B-00C04F79EFBC}") = "Library", "Library\Library.csproj", "{599CA0E7-4087-405A-804E-C429A2A5A907}"
EndProject
Global
	GlobalSection(SolutionConfigurationPlatforms) = preSolution
		Debug|Any CPU = Debug|Any CPU
		Release|Any CPU = Release|Any CPU
	EndGlobalSection
	GlobalSection(ProjectConfigurationPlatforms) = postSolution
		{599CA0E7-4087-405A-804E-C429A2A5A907}.Debug|Any CPU.ActiveCfg = Debug|Any CPU
		{599CA0E7-4087-405A-804E-C429A2A5A907}.Debug|Any CPU.Build.0 = Debug|Any CPU
		{599CA0E7-4087-405A-804E-C429A2A5A907}.Release|Any CPU.ActiveCfg = Release|Any CPU
		{599CA0E7-4087-405A-804E-C429A2A5A907}.Release|Any CPU.Build.0 = Release|Any CPU
	EndGlobalSection
	GlobalSection(SolutionProperties) = preSolution
		HideSolutionNode = FALSE
	EndGlobalSection
	GlobalSection(ExtensibilityGlobals) = postSolution
		SolutionGuid = {7DB97EB9-D54A-48F8-9401-A6D205A54232}
	EndGlobalSection
EndGlobal
